
Microsoft Visual Studio Solution File, Format Version 12.00
# Visual Studio Version 16
VisualStudioVersion = 16.0.31402.337
MinimumVisualStudioVersion = 10.0.40219.1
Project("{FAE04EC0-301F-11D3-BF4B-00C04F79EFBC}") = "ITC366-899 Matt Taylor HW 7", "ITC366-899 Matt Taylor HW 7.csproj", "{AF4ADC06-E7D5-4D27-84D4-8130928398F8}"
EndProject
Global
	GlobalSection(SolutionConfigurationPlatforms) = preSolution
		Debug|Any CPU = Debug|Any CPU
		Release|Any CPU = Release|Any CPU
	EndGlobalSection
	GlobalSection(ProjectConfigurationPlatforms) = postSolution
		{AF4ADC06-E7D5-4D27-84D4-8130928398F8}.Debug|Any CPU.ActiveCfg = Debug|Any CPU
		{AF4ADC06-E7D5-4D27-84D4-8130928398F8}.Debug|Any CPU.Build.0 = Debug|Any CPU
		{AF4ADC06-E7D5-4D27-84D4-8130928398F8}.Release|Any CPU.ActiveCfg = Release|Any CPU
		{AF4ADC06-E7D5-4D27-84D4-8130928398F8}.Release|Any CPU.Build.0 = Release|Any CPU
	EndGlobalSection
	GlobalSection(SolutionProperties) = preSolution
		HideSolutionNode = FALSE
	EndGlobalSection
	GlobalSection(ExtensibilityGlobals) = postSolution
		SolutionGuid = {885EA3EE-EC8B-47CF-9AD3-529054B8C3D2}
	EndGlobalSection
EndGlobal
